
Microsoft Visual Studio Solution File, Format Version 12.00
# Visual Studio Version 17
VisualStudioVersion = 17.10.35027.167
MinimumVisualStudioVersion = 10.0.40219.1
Project("{8BC9CEB8-8B4A-11D0-8D11-00A0C91BC942}") = "11.1", "ConsoleApplication1\ConsoleApplication1.vcxproj", "{45597F64-1B01-48B4-B662-046F03A52CEE}"
EndProject
Project("{8BC9CEB8-8B4A-11D0-8D11-00A0C91BC942}") = "11_1_1", "11_1_1\11_1_1.vcxproj", "{B8E70A96-FC96-4185-AF6A-0BCC5DDB172C}"
EndProject
Project("{8BC9CEB8-8B4A-11D0-8D11-00A0C91BC942}") = "11_1_2", "11_1_2\11_1_2.vcxproj", "{50AE21C2-D46D-479A-A6D8-C56E0C1B7905}"
EndProject
Project("{8BC9CEB8-8B4A-11D0-8D11-00A0C91BC942}") = "11.2", "11.2\11.2.vcxproj", "{9B2C0427-D7EC-401D-BB30-A9B1B6C2DCD1}"
EndProject
Project("{8BC9CEB8-8B4A-11D0-8D11-00A0C91BC942}") = "11_2_1", "11_2_1\11_2_1.vcxproj", "{D6C067C4-F5BB-4FAB-9A41-E3581EBA4B91}"
EndProject
Project("{8BC9CEB8-8B4A-11D0-8D11-00A0C91BC942}") = "11_3", "11_3\11_3.vcxproj", "{AAA2CD2C-270A-4A81-A1C2-13CB92D166AF}"
EndProject
Project("{8BC9CEB8-8B4A-11D0-8D11-00A0C91BC942}") = "11_3_1", "11_3_1\11_3_1.vcxproj", "{6BAC74B4-18D2-4937-8E1C-A711572EC910}"
EndProject
Project("{8BC9CEB8-8B4A-11D0-8D11-00A0C91BC942}") = "11_4_1", "11_4_1\11_4_1.vcxproj", "{17685874-A498-4AED-A591-AB131260744D}"
EndProject
Project("{8BC9CEB8-8B4A-11D0-8D11-00A0C91BC942}") = "11_5_1", "11_5_1\11_5_1.vcxproj", "{14991F19-135A-474E-99EE-9E5F8B37887E}"
EndProject
Project("{8BC9CEB8-8B4A-11D0-8D11-00A0C91BC942}") = "11_5_3", "11_5_3\11_5_3.vcxproj", "{3C78D3A6-13FB-42F8-9992-DA501A53EA23}"
EndProject
Project("{8BC9CEB8-8B4A-11D0-8D11-00A0C91BC942}") = "11_5_4", "11_5_4\11_5_4.vcxproj", "{CB12D1C0-1610-448F-8A3C-2B5B48BE670F}"
EndProject
Project("{8BC9CEB8-8B4A-11D0-8D11-00A0C91BC942}") = "12_1", "12_1\12_1.vcxproj", "{419C806F-2864-4058-AD58-A9EC133740F2}"
EndProject
Project("{8BC9CEB8-8B4A-11D0-8D11-00A0C91BC942}") = "12_2", "12_2\12_2.vcxproj", "{F1042A67-6CD9-4704-A9DE-91D9131F8BC2}"
EndProject
Project("{8BC9CEB8-8B4A-11D0-8D11-00A0C91BC942}") = "12_3_1", "12_3_1\12_3_1.vcxproj", "{D94E12C2-7C05-4B2E-A813-8003A0A1BDD9}"
EndProject
Project("{8BC9CEB8-8B4A-11D0-8D11-00A0C91BC942}") = "12_3_2", "12_3_2\12_3_2.vcxproj", "{3ADC4F61-A475-44DA-85E5-4BED5208A2CA}"
EndProject
Project("{8BC9CEB8-8B4A-11D0-8D11-00A0C91BC942}") = "12_5_1", "12_5_1\12_5_1.vcxproj", "{4286561A-7E62-4AF4-8A6B-2D0849505170}"
EndProject
Project("{8BC9CEB8-8B4A-11D0-8D11-00A0C91BC942}") = "12_5_2", "12_5_2\12_5_2.vcxproj", "{D7BACBC9-93FF-4277-B3A3-5D9A4DAE78AB}"
EndProject
Project("{8BC9CEB8-8B4A-11D0-8D11-00A0C91BC942}") = "12_6_1", "12_6_1\12_6_1.vcxproj", "{76ED338C-4A3D-4A81-8D96-E99B54852126}"
EndProject
Project("{8BC9CEB8-8B4A-11D0-8D11-00A0C91BC942}") = "12_6_2", "12_6_2\12_6_2.vcxproj", "{88995BED-9EE2-42BA-94C4-E18CBE38EC64}"
EndProject
Project("{8BC9CEB8-8B4A-11D0-8D11-00A0C91BC942}") = "12_7_1", "12_7_1\12_7_1.vcxproj", "{55E7EE31-6BCA-42A0-A635-43D2CACED1DF}"
EndProject
Project("{8BC9CEB8-8B4A-11D0-8D11-00A0C91BC942}") = "14_5_6", "14_5_6\14_5_6.vcxproj", "{DCB9DF35-0249-4B44-8348-CAE780B5ECF2}"
EndProject
Project("{8BC9CEB8-8B4A-11D0-8D11-00A0C91BC942}") = "14_5_7", "14_5_7\14_5_7.vcxproj", "{E567297E-50CD-434B-B358-C44FAE99C2A0}"
EndProject
Project("{8BC9CEB8-8B4A-11D0-8D11-00A0C91BC942}") = "14_5_8", "14_5_8\14_5_8.vcxproj", "{067CFD9C-630E-4C2B-9D66-6102E837D511}"
EndProject
Project("{8BC9CEB8-8B4A-11D0-8D11-00A0C91BC942}") = "9_6_3", "9_6_3\9_6_3.vcxproj", "{E0804971-4EFF-4ED3-A1BB-E2084BD6F050}"
EndProject
Global
	GlobalSection(SolutionConfigurationPlatforms) = preSolution
		Debug|ARM = Debug|ARM
		Debug|ARM64 = Debug|ARM64
		Debug|x64 = Debug|x64
		Debug|x86 = Debug|x86
		Release|ARM = Release|ARM
		Release|ARM64 = Release|ARM64
		Release|x64 = Release|x64
		Release|x86 = Release|x86
	EndGlobalSection
	GlobalSection(ProjectConfigurationPlatforms) = postSolution
		{45597F64-1B01-48B4-B662-046F03A52CEE}.Debug|ARM.ActiveCfg = Debug|ARM
		{45597F64-1B01-48B4-B662-046F03A52CEE}.Debug|ARM.Build.0 = Debug|ARM
		{45597F64-1B01-48B4-B662-046F03A52CEE}.Debug|ARM.Deploy.0 = Debug|ARM
		{45597F64-1B01-48B4-B662-046F03A52CEE}.Debug|ARM64.ActiveCfg = Debug|ARM64
		{45597F64-1B01-48B4-B662-046F03A52CEE}.Debug|ARM64.Build.0 = Debug|ARM64
		{45597F64-1B01-48B4-B662-046F03A52CEE}.Debug|ARM64.Deploy.0 = Debug|ARM64
		{45597F64-1B01-48B4-B662-046F03A52CEE}.Debug|x64.ActiveCfg = Debug|x64
		{45597F64-1B01-48B4-B662-046F03A52CEE}.Debug|x64.Build.0 = Debug|x64
		{45597F64-1B01-48B4-B662-046F03A52CEE}.Debug|x64.Deploy.0 = Debug|x64
		{45597F64-1B01-48B4-B662-046F03A52CEE}.Debug|x86.ActiveCfg = Debug|x86
		{45597F64-1B01-48B4-B662-046F03A52CEE}.Debug|x86.Build.0 = Debug|x86
		{45597F64-1B01-48B4-B662-046F03A52CEE}.Debug|x86.Deploy.0 = Debug|x86
		{45597F64-1B01-48B4-B662-046F03A52CEE}.Release|ARM.ActiveCfg = Release|ARM
		{45597F64-1B01-48B4-B662-046F03A52CEE}.Release|ARM.Build.0 = Release|ARM
		{45597F64-1B01-48B4-B662-046F03A52CEE}.Release|ARM.Deploy.0 = Release|ARM
		{45597F64-1B01-48B4-B662-046F03A52CEE}.Release|ARM64.ActiveCfg = Release|ARM64
		{45597F64-1B01-48B4-B662-046F03A52CEE}.Release|ARM64.Build.0 = Release|ARM64
		{45597F64-1B01-48B4-B662-046F03A52CEE}.Release|ARM64.Deploy.0 = Release|ARM64
		{45597F64-1B01-48B4-B662-046F03A52CEE}.Release|x64.ActiveCfg = Release|x64
		{45597F64-1B01-48B4-B662-046F03A52CEE}.Release|x64.Build.0 = Release|x64
		{45597F64-1B01-48B4-B662-046F03A52CEE}.Release|x64.Deploy.0 = Release|x64
		{45597F64-1B01-48B4-B662-046F03A52CEE}.Release|x86.ActiveCfg = Release|x86
		{45597F64-1B01-48B4-B662-046F03A52CEE}.Release|x86.Build.0 = Release|x86
		{45597F64-1B01-48B4-B662-046F03A52CEE}.Release|x86.Deploy.0 = Release|x86
		{B8E70A96-FC96-4185-AF6A-0BCC5DDB172C}.Debug|ARM.ActiveCfg = Debug|ARM
		{B8E70A96-FC96-4185-AF6A-0BCC5DDB172C}.Debug|ARM.Build.0 = Debug|ARM
		{B8E70A96-FC96-4185-AF6A-0BCC5DDB172C}.Debug|ARM.Deploy.0 = Debug|ARM
		{B8E70A96-FC96-4185-AF6A-0BCC5DDB172C}.Debug|ARM64.ActiveCfg = Debug|ARM64
		{B8E70A96-FC96-4185-AF6A-0BCC5DDB172C}.Debug|ARM64.Build.0 = Debug|ARM64
		{B8E70A96-FC96-4185-AF6A-0BCC5DDB172C}.Debug|ARM64.Deploy.0 = Debug|ARM64
		{B8E70A96-FC96-4185-AF6A-0BCC5DDB172C}.Debug|x64.ActiveCfg = Debug|x64
		{B8E70A96-FC96-4185-AF6A-0BCC5DDB172C}.Debug|x64.Build.0 = Debug|x64
		{B8E70A96-FC96-4185-AF6A-0BCC5DDB172C}.Debug|x64.Deploy.0 = Debug|x64
		{B8E70A96-FC96-4185-AF6A-0BCC5DDB172C}.Debug|x86.ActiveCfg = Debug|x86
		{B8E70A96-FC96-4185-AF6A-0BCC5DDB172C}.Debug|x86.Build.0 = Debug|x86
		{B8E70A96-FC96-4185-AF6A-0BCC5DDB172C}.Debug|x86.Deploy.0 = Debug|x86
		{B8E70A96-FC96-4185-AF6A-0BCC5DDB172C}.Release|ARM.ActiveCfg = Release|ARM
		{B8E70A96-FC96-4185-AF6A-0BCC5DDB172C}.Release|ARM.Build.0 = Release|ARM
		{B8E70A96-FC96-4185-AF6A-0BCC5DDB172C}.Release|ARM.Deploy.0 = Release|ARM
		{B8E70A96-FC96-4185-AF6A-0BCC5DDB172C}.Release|ARM64.ActiveCfg = Release|ARM64
		{B8E70A96-FC96-4185-AF6A-0BCC5DDB172C}.Release|ARM64.Build.0 = Release|ARM64
		{B8E70A96-FC96-4185-AF6A-0BCC5DDB172C}.Release|ARM64.Deploy.0 = Release|ARM64
		{B8E70A96-FC96-4185-AF6A-0BCC5DDB172C}.Release|x64.ActiveCfg = Release|x64
		{B8E70A96-FC96-4185-AF6A-0BCC5DDB172C}.Release|x64.Build.0 = Release|x64
		{B8E70A96-FC96-4185-AF6A-0BCC5DDB172C}.Release|x64.Deploy.0 = Release|x64
		{B8E70A96-FC96-4185-AF6A-0BCC5DDB172C}.Release|x86.ActiveCfg = Release|x86
		{B8E70A96-FC96-4185-AF6A-0BCC5DDB172C}.Release|x86.Build.0 = Release|x86
		{B8E70A96-FC96-4185-AF6A-0BCC5DDB172C}.Release|x86.Deploy.0 = Release|x86
		{50AE21C2-D46D-479A-A6D8-C56E0C1B7905}.Debug|ARM.ActiveCfg = Debug|ARM
		{50AE21C2-D46D-479A-A6D8-C56E0C1B7905}.Debug|ARM.Build.0 = Debug|ARM
		{50AE21C2-D46D-479A-A6D8-C56E0C1B7905}.Debug|ARM.Deploy.0 = Debug|ARM
		{50AE21C2-D46D-479A-A6D8-C56E0C1B7905}.Debug|ARM64.ActiveCfg = Debug|ARM64
		{50AE21C2-D46D-479A-A6D8-C56E0C1B7905}.Debug|ARM64.Build.0 = Debug|ARM64
		{50AE21C2-D46D-479A-A6D8-C56E0C1B7905}.Debug|ARM64.Deploy.0 = Debug|ARM64
		{50AE21C2-D46D-479A-A6D8-C56E0C1B7905}.Debug|x64.ActiveCfg = Debug|x64
		{50AE21C2-D46D-479A-A6D8-C56E0C1B7905}.Debug|x64.Build.0 = Debug|x64
		{50AE21C2-D46D-479A-A6D8-C56E0C1B7905}.Debug|x64.Deploy.0 = Debug|x64
		{50AE21C2-D46D-479A-A6D8-C56E0C1B7905}.Debug|x86.ActiveCfg = Debug|x86
		{50AE21C2-D46D-479A-A6D8-C56E0C1B7905}.Debug|x86.Build.0 = Debug|x86
		{50AE21C2-D46D-479A-A6D8-C56E0C1B7905}.Debug|x86.Deploy.0 = Debug|x86
		{50AE21C2-D46D-479A-A6D8-C56E0C1B7905}.Release|ARM.ActiveCfg = Release|ARM
		{50AE21C2-D46D-479A-A6D8-C56E0C1B7905}.Release|ARM.Build.0 = Release|ARM
		{50AE21C2-D46D-479A-A6D8-C56E0C1B7905}.Release|ARM.Deploy.0 = Release|ARM
		{50AE21C2-D46D-479A-A6D8-C56E0C1B7905}.Release|ARM64.ActiveCfg = Release|ARM64
		{50AE21C2-D46D-479A-A6D8-C56E0C1B7905}.Release|ARM64.Build.0 = Release|ARM64
		{50AE21C2-D46D-479A-A6D8-C56E0C1B7905}.Release|ARM64.Deploy.0 = Release|ARM64
		{50AE21C2-D46D-479A-A6D8-C56E0C1B7905}.Release|x64.ActiveCfg = Release|x64
		{50AE21C2-D46D-479A-A6D8-C56E0C1B7905}.Release|x64.Build.0 = Release|x64
		{50AE21C2-D46D-479A-A6D8-C56E0C1B7905}.Release|x64.Deploy.0 = Release|x64
		{50AE21C2-D46D-479A-A6D8-C56E0C1B7905}.Release|x86.ActiveCfg = Release|x86
		{50AE21C2-D46D-479A-A6D8-C56E0C1B7905}.Release|x86.Build.0 = Release|x86
		{50AE21C2-D46D-479A-A6D8-C56E0C1B7905}.Release|x86.Deploy.0 = Release|x86
		{9B2C0427-D7EC-401D-BB30-A9B1B6C2DCD1}.Debug|ARM.ActiveCfg = Debug|ARM
		{9B2C0427-D7EC-401D-BB30-A9B1B6C2DCD1}.Debug|ARM.Build.0 = Debug|ARM
		{9B2C0427-D7EC-401D-BB30-A9B1B6C2DCD1}.Debug|ARM.Deploy.0 = Debug|ARM
		{9B2C0427-D7EC-401D-BB30-A9B1B6C2DCD1}.Debug|ARM64.ActiveCfg = Debug|ARM64
		{9B2C0427-D7EC-401D-BB30-A9B1B6C2DCD1}.Debug|ARM64.Build.0 = Debug|ARM64
		{9B2C0427-D7EC-401D-BB30-A9B1B6C2DCD1}.Debug|ARM64.Deploy.0 = Debug|ARM64
		{9B2C0427-D7EC-401D-BB30-A9B1B6C2DCD1}.Debug|x64.ActiveCfg = Debug|x64
		{9B2C0427-D7EC-401D-BB30-A9B1B6C2DCD1}.Debug|x64.Build.0 = Debug|x64
		{9B2C0427-D7EC-401D-BB30-A9B1B6C2DCD1}.Debug|x64.Deploy.0 = Debug|x64
		{9B2C0427-D7EC-401D-BB30-A9B1B6C2DCD1}.Debug|x86.ActiveCfg = Debug|x86
		{9B2C0427-D7EC-401D-BB30-A9B1B6C2DCD1}.Debug|x86.Build.0 = Debug|x86
		{9B2C0427-D7EC-401D-BB30-A9B1B6C2DCD1}.Debug|x86.Deploy.0 = Debug|x86
		{9B2C0427-D7EC-401D-BB30-A9B1B6C2DCD1}.Release|ARM.ActiveCfg = Release|ARM
		{9B2C0427-D7EC-401D-BB30-A9B1B6C2DCD1}.Release|ARM.Build.0 = Release|ARM
		{9B2C0427-D7EC-401D-BB30-A9B1B6C2DCD1}.Release|ARM.Deploy.0 = Release|ARM
		{9B2C0427-D7EC-401D-BB30-A9B1B6C2DCD1}.Release|ARM64.ActiveCfg = Release|ARM64
		{9B2C0427-D7EC-401D-BB30-A9B1B6C2DCD1}.Release|ARM64.Build.0 = Release|ARM64
		{9B2C0427-D7EC-401D-BB30-A9B1B6C2DCD1}.Release|ARM64.Deploy.0 = Release|ARM64
		{9B2C0427-D7EC-401D-BB30-A9B1B6C2DCD1}.Release|x64.ActiveCfg = Release|x64
		{9B2C0427-D7EC-401D-BB30-A9B1B6C2DCD1}.Release|x64.Build.0 = Release|x64
		{9B2C0427-D7EC-401D-BB30-A9B1B6C2DCD1}.Release|x64.Deploy.0 = Release|x64
		{9B2C0427-D7EC-401D-BB30-A9B1B6C2DCD1}.Release|x86.ActiveCfg = Release|x86
		{9B2C0427-D7EC-401D-BB30-A9B1B6C2DCD1}.Release|x86.Build.0 = Release|x86
		{9B2C0427-D7EC-401D-BB30-A9B1B6C2DCD1}.Release|x86.Deploy.0 = Release|x86
		{D6C067C4-F5BB-4FAB-9A41-E3581EBA4B91}.Debug|ARM.ActiveCfg = Debug|ARM
		{D6C067C4-F5BB-4FAB-9A41-E3581EBA4B91}.Debug|ARM.Build.0 = Debug|ARM
		{D6C067C4-F5BB-4FAB-9A41-E3581EBA4B91}.Debug|ARM.Deploy.0 = Debug|ARM
		{D6C067C4-F5BB-4FAB-9A41-E3581EBA4B91}.Debug|ARM64.ActiveCfg = Debug|ARM64
		{D6C067C4-F5BB-4FAB-9A41-E3581EBA4B91}.Debug|ARM64.Build.0 = Debug|ARM64
		{D6C067C4-F5BB-4FAB-9A41-E3581EBA4B91}.Debug|ARM64.Deploy.0 = Debug|ARM64
		{D6C067C4-F5BB-4FAB-9A41-E3581EBA4B91}.Debug|x64.ActiveCfg = Debug|x64
		{D6C067C4-F5BB-4FAB-9A41-E3581EBA4B91}.Debug|x64.Build.0 = Debug|x64
		{D6C067C4-F5BB-4FAB-9A41-E3581EBA4B91}.Debug|x64.Deploy.0 = Debug|x64
		{D6C067C4-F5BB-4FAB-9A41-E3581EBA4B91}.Debug|x86.ActiveCfg = Debug|x86
		{D6C067C4-F5BB-4FAB-9A41-E3581EBA4B91}.Debug|x86.Build.0 = Debug|x86
		{D6C067C4-F5BB-4FAB-9A41-E3581EBA4B91}.Debug|x86.Deploy.0 = Debug|x86
		{D6C067C4-F5BB-4FAB-9A41-E3581EBA4B91}.Release|ARM.ActiveCfg = Release|ARM
		{D6C067C4-F5BB-4FAB-9A41-E3581EBA4B91}.Release|ARM.Build.0 = Release|ARM
		{D6C067C4-F5BB-4FAB-9A41-E3581EBA4B91}.Release|ARM.Deploy.0 = Release|ARM
		{D6C067C4-F5BB-4FAB-9A41-E3581EBA4B91}.Release|ARM64.ActiveCfg = Release|ARM64
		{D6C067C4-F5BB-4FAB-9A41-E3581EBA4B91}.Release|ARM64.Build.0 = Release|ARM64
		{D6C067C4-F5BB-4FAB-9A41-E3581EBA4B91}.Release|ARM64.Deploy.0 = Release|ARM64
		{D6C067C4-F5BB-4FAB-9A41-E3581EBA4B91}.Release|x64.ActiveCfg = Release|x64
		{D6C067C4-F5BB-4FAB-9A41-E3581EBA4B91}.Release|x64.Build.0 = Release|x64
		{D6C067C4-F5BB-4FAB-9A41-E3581EBA4B91}.Release|x64.Deploy.0 = Release|x64
		{D6C067C4-F5BB-4FAB-9A41-E3581EBA4B91}.Release|x86.ActiveCfg = Release|x86
		{D6C067C4-F5BB-4FAB-9A41-E3581EBA4B91}.Release|x86.Build.0 = Release|x86
		{D6C067C4-F5BB-4FAB-9A41-E3581EBA4B91}.Release|x86.Deploy.0 = Release|x86
		{AAA2CD2C-270A-4A81-A1C2-13CB92D166AF}.Debug|ARM.ActiveCfg = Debug|ARM
		{AAA2CD2C-270A-4A81-A1C2-13CB92D166AF}.Debug|ARM.Build.0 = Debug|ARM
		{AAA2CD2C-270A-4A81-A1C2-13CB92D166AF}.Debug|ARM.Deploy.0 = Debug|ARM
		{AAA2CD2C-270A-4A81-A1C2-13CB92D166AF}.Debug|ARM64.ActiveCfg = Debug|ARM64
		{AAA2CD2C-270A-4A81-A1C2-13CB92D166AF}.Debug|ARM64.Build.0 = Debug|ARM64
		{AAA2CD2C-270A-4A81-A1C2-13CB92D166AF}.Debug|ARM64.Deploy.0 = Debug|ARM64
		{AAA2CD2C-270A-4A81-A1C2-13CB92D166AF}.Debug|x64.ActiveCfg = Debug|x64
		{AAA2CD2C-270A-4A81-A1C2-13CB92D166AF}.Debug|x64.Build.0 = Debug|x64
		{AAA2CD2C-270A-4A81-A1C2-13CB92D166AF}.Debug|x64.Deploy.0 = Debug|x64
		{AAA2CD2C-270A-4A81-A1C2-13CB92D166AF}.Debug|x86.ActiveCfg = Debug|x86
		{AAA2CD2C-270A-4A81-A1C2-13CB92D166AF}.Debug|x86.Build.0 = Debug|x86
		{AAA2CD2C-270A-4A81-A1C2-13CB92D166AF}.Debug|x86.Deploy.0 = Debug|x86
		{AAA2CD2C-270A-4A81-A1C2-13CB92D166AF}.Release|ARM.ActiveCfg = Release|ARM
		{AAA2CD2C-270A-4A81-A1C2-13CB92D166AF}.Release|ARM.Build.0 = Release|ARM
		{AAA2CD2C-270A-4A81-A1C2-13CB92D166AF}.Release|ARM.Deploy.0 = Release|ARM
		{AAA2CD2C-270A-4A81-A1C2-13CB92D166AF}.Release|ARM64.ActiveCfg = Release|ARM64
		{AAA2CD2C-270A-4A81-A1C2-13CB92D166AF}.Release|ARM64.Build.0 = Release|ARM64
		{AAA2CD2C-270A-4A81-A1C2-13CB92D166AF}.Release|ARM64.Deploy.0 = Release|ARM64
		{AAA2CD2C-270A-4A81-A1C2-13CB92D166AF}.Release|x64.ActiveCfg = Release|x64
		{AAA2CD2C-270A-4A81-A1C2-13CB92D166AF}.Release|x64.Build.0 = Release|x64
		{AAA2CD2C-270A-4A81-A1C2-13CB92D166AF}.Release|x64.Deploy.0 = Release|x64
		{AAA2CD2C-270A-4A81-A1C2-13CB92D166AF}.Release|x86.ActiveCfg = Release|x86
		{AAA2CD2C-270A-4A81-A1C2-13CB92D166AF}.Release|x86.Build.0 = Release|x86
		{AAA2CD2C-270A-4A81-A1C2-13CB92D166AF}.Release|x86.Deploy.0 = Release|x86
		{6BAC74B4-18D2-4937-8E1C-A711572EC910}.Debug|ARM.ActiveCfg = Debug|ARM
		{6BAC74B4-18D2-4937-8E1C-A711572EC910}.Debug|ARM.Build.0 = Debug|ARM
		{6BAC74B4-18D2-4937-8E1C-A711572EC910}.Debug|ARM.Deploy.0 = Debug|ARM
		{6BAC74B4-18D2-4937-8E1C-A711572EC910}.Debug|ARM64.ActiveCfg = Debug|ARM64
		{6BAC74B4-18D2-4937-8E1C-A711572EC910}.Debug|ARM64.Build.0 = Debug|ARM64
		{6BAC74B4-18D2-4937-8E1C-A711572EC910}.Debug|ARM64.Deploy.0 = Debug|ARM64
		{6BAC74B4-18D2-4937-8E1C-A711572EC910}.Debug|x64.ActiveCfg = Debug|x64
		{6BAC74B4-18D2-4937-8E1C-A711572EC910}.Debug|x64.Build.0 = Debug|x64
		{6BAC74B4-18D2-4937-8E1C-A711572EC910}.Debug|x64.Deploy.0 = Debug|x64
		{6BAC74B4-18D2-4937-8E1C-A711572EC910}.Debug|x86.ActiveCfg = Debug|x86
		{6BAC74B4-18D2-4937-8E1C-A711572EC910}.Debug|x86.Build.0 = Debug|x86
		{6BAC74B4-18D2-4937-8E1C-A711572EC910}.Debug|x86.Deploy.0 = Debug|x86
		{6BAC74B4-18D2-4937-8E1C-A711572EC910}.Release|ARM.ActiveCfg = Release|ARM
		{6BAC74B4-18D2-4937-8E1C-A711572EC910}.Release|ARM.Build.0 = Release|ARM
		{6BAC74B4-18D2-4937-8E1C-A711572EC910}.Release|ARM.Deploy.0 = Release|ARM
		{6BAC74B4-18D2-4937-8E1C-A711572EC910}.Release|ARM64.ActiveCfg = Release|ARM64
		{6BAC74B4-18D2-4937-8E1C-A711572EC910}.Release|ARM64.Build.0 = Release|ARM64
		{6BAC74B4-18D2-4937-8E1C-A711572EC910}.Release|ARM64.Deploy.0 = Release|ARM64
		{6BAC74B4-18D2-4937-8E1C-A711572EC910}.Release|x64.ActiveCfg = Release|x64
		{6BAC74B4-18D2-4937-8E1C-A711572EC910}.Release|x64.Build.0 = Release|x64
		{6BAC74B4-18D2-4937-8E1C-A711572EC910}.Release|x64.Deploy.0 = Release|x64
		{6BAC74B4-18D2-4937-8E1C-A711572EC910}.Release|x86.ActiveCfg = Release|x86
		{6BAC74B4-18D2-4937-8E1C-A711572EC910}.Release|x86.Build.0 = Release|x86
		{6BAC74B4-18D2-4937-8E1C-A711572EC910}.Release|x86.Deploy.0 = Release|x86
		{17685874-A498-4AED-A591-AB131260744D}.Debug|ARM.ActiveCfg = Debug|ARM
		{17685874-A498-4AED-A591-AB131260744D}.Debug|ARM.Build.0 = Debug|ARM
		{17685874-A498-4AED-A591-AB131260744D}.Debug|ARM.Deploy.0 = Debug|ARM
		{17685874-A498-4AED-A591-AB131260744D}.Debug|ARM64.ActiveCfg = Debug|ARM64
		{17685874-A498-4AED-A591-AB131260744D}.Debug|ARM64.Build.0 = Debug|ARM64
		{17685874-A498-4AED-A591-AB131260744D}.Debug|ARM64.Deploy.0 = Debug|ARM64
		{17685874-A498-4AED-A591-AB131260744D}.Debug|x64.ActiveCfg = Debug|x64
		{17685874-A498-4AED-A591-AB131260744D}.Debug|x64.Build.0 = Debug|x64
		{17685874-A498-4AED-A591-AB131260744D}.Debug|x64.Deploy.0 = Debug|x64
		{17685874-A498-4AED-A591-AB131260744D}.Debug|x86.ActiveCfg = Debug|x86
		{17685874-A498-4AED-A591-AB131260744D}.Debug|x86.Build.0 = Debug|x86
		{17685874-A498-4AED-A591-AB131260744D}.Debug|x86.Deploy.0 = Debug|x86
		{17685874-A498-4AED-A591-AB131260744D}.Release|ARM.ActiveCfg = Release|ARM
		{17685874-A498-4AED-A591-AB131260744D}.Release|ARM.Build.0 = Release|ARM
		{17685874-A498-4AED-A591-AB131260744D}.Release|ARM.Deploy.0 = Release|ARM
		{17685874-A498-4AED-A591-AB131260744D}.Release|ARM64.ActiveCfg = Release|ARM64
		{17685874-A498-4AED-A591-AB131260744D}.Release|ARM64.Build.0 = Release|ARM64
		{17685874-A498-4AED-A591-AB131260744D}.Release|ARM64.Deploy.0 = Release|ARM64
		{17685874-A498-4AED-A591-AB131260744D}.Release|x64.ActiveCfg = Release|x64
		{17685874-A498-4AED-A591-AB131260744D}.Release|x64.Build.0 = Release|x64
		{17685874-A498-4AED-A591-AB131260744D}.Release|x64.Deploy.0 = Release|x64
		{17685874-A498-4AED-A591-AB131260744D}.Release|x86.ActiveCfg = Release|x86
		{17685874-A498-4AED-A591-AB131260744D}.Release|x86.Build.0 = Release|x86
		{17685874-A498-4AED-A591-AB131260744D}.Release|x86.Deploy.0 = Release|x86
		{14991F19-135A-474E-99EE-9E5F8B37887E}.Debug|ARM.ActiveCfg = Debug|ARM
		{14991F19-135A-474E-99EE-9E5F8B37887E}.Debug|ARM.Build.0 = Debug|ARM
		{14991F19-135A-474E-99EE-9E5F8B37887E}.Debug|ARM.Deploy.0 = Debug|ARM
		{14991F19-135A-474E-99EE-9E5F8B37887E}.Debug|ARM64.ActiveCfg = Debug|ARM64
		{14991F19-135A-474E-99EE-9E5F8B37887E}.Debug|ARM64.Build.0 = Debug|ARM64
		{14991F19-135A-474E-99EE-9E5F8B37887E}.Debug|ARM64.Deploy.0 = Debug|ARM64
		{14991F19-135A-474E-99EE-9E5F8B37887E}.Debug|x64.ActiveCfg = Debug|x64
		{14991F19-135A-474E-99EE-9E5F8B37887E}.Debug|x64.Build.0 = Debug|x64
		{14991F19-135A-474E-99EE-9E5F8B37887E}.Debug|x64.Deploy.0 = Debug|x64
		{14991F19-135A-474E-99EE-9E5F8B37887E}.Debug|x86.ActiveCfg = Debug|x86
		{14991F19-135A-474E-99EE-9E5F8B37887E}.Debug|x86.Build.0 = Debug|x86
		{14991F19-135A-474E-99EE-9E5F8B37887E}.Debug|x86.Deploy.0 = Debug|x86
		{14991F19-135A-474E-99EE-9E5F8B37887E}.Release|ARM.ActiveCfg = Release|ARM
		{14991F19-135A-474E-99EE-9E5F8B37887E}.Release|ARM.Build.0 = Release|ARM
		{14991F19-135A-474E-99EE-9E5F8B37887E}.Release|ARM.Deploy.0 = Release|ARM
		{14991F19-135A-474E-99EE-9E5F8B37887E}.Release|ARM64.ActiveCfg = Release|ARM64
		{14991F19-135A-474E-99EE-9E5F8B37887E}.Release|ARM64.Build.0 = Release|ARM64
		{14991F19-135A-474E-99EE-9E5F8B37887E}.Release|ARM64.Deploy.0 = Release|ARM64
		{14991F19-135A-474E-99EE-9E5F8B37887E}.Release|x64.ActiveCfg = Release|x64
		{14991F19-135A-474E-99EE-9E5F8B37887E}.Release|x64.Build.0 = Release|x64
		{14991F19-135A-474E-99EE-9E5F8B37887E}.Release|x64.Deploy.0 = Release|x64
		{14991F19-135A-474E-99EE-9E5F8B37887E}.Release|x86.ActiveCfg = Release|x86
		{14991F19-135A-474E-99EE-9E5F8B37887E}.Release|x86.Build.0 = Release|x86
		{14991F19-135A-474E-99EE-9E5F8B37887E}.Release|x86.Deploy.0 = Release|x86
		{3C78D3A6-13FB-42F8-9992-DA501A53EA23}.Debug|ARM.ActiveCfg = Debug|ARM
		{3C78D3A6-13FB-42F8-9992-DA501A53EA23}.Debug|ARM.Build.0 = Debug|ARM
		{3C78D3A6-13FB-42F8-9992-DA501A53EA23}.Debug|ARM.Deploy.0 = Debug|ARM
		{3C78D3A6-13FB-42F8-9992-DA501A53EA23}.Debug|ARM64.ActiveCfg = Debug|ARM64
		{3C78D3A6-13FB-42F8-9992-DA501A53EA23}.Debug|ARM64.Build.0 = Debug|ARM64
		{3C78D3A6-13FB-42F8-9992-DA501A53EA23}.Debug|ARM64.Deploy.0 = Debug|ARM64
		{3C78D3A6-13FB-42F8-9992-DA501A53EA23}.Debug|x64.ActiveCfg = Debug|x64
		{3C78D3A6-13FB-42F8-9992-DA501A53EA23}.Debug|x64.Build.0 = Debug|x64
		{3C78D3A6-13FB-42F8-9992-DA501A53EA23}.Debug|x64.Deploy.0 = Debug|x64
		{3C78D3A6-13FB-42F8-9992-DA501A53EA23}.Debug|x86.ActiveCfg = Debug|x86
		{3C78D3A6-13FB-42F8-9992-DA501A53EA23}.Debug|x86.Build.0 = Debug|x86
		{3C78D3A6-13FB-42F8-9992-DA501A53EA23}.Debug|x86.Deploy.0 = Debug|x86
		{3C78D3A6-13FB-42F8-9992-DA501A53EA23}.Release|ARM.ActiveCfg = Release|ARM
		{3C78D3A6-13FB-42F8-9992-DA501A53EA23}.Release|ARM.Build.0 = Release|ARM
		{3C78D3A6-13FB-42F8-9992-DA501A53EA23}.Release|ARM.Deploy.0 = Release|ARM
		{3C78D3A6-13FB-42F8-9992-DA501A53EA23}.Release|ARM64.ActiveCfg = Release|ARM64
		{3C78D3A6-13FB-42F8-9992-DA501A53EA23}.Release|ARM64.Build.0 = Release|ARM64
		{3C78D3A6-13FB-42F8-9992-DA501A53EA23}.Release|ARM64.Deploy.0 = Release|ARM64
		{3C78D3A6-13FB-42F8-9992-DA501A53EA23}.Release|x64.ActiveCfg = Release|x64
		{3C78D3A6-13FB-42F8-9992-DA501A53EA23}.Release|x64.Build.0 = Release|x64
		{3C78D3A6-13FB-42F8-9992-DA501A53EA23}.Release|x64.Deploy.0 = Release|x64
		{3C78D3A6-13FB-42F8-9992-DA501A53EA23}.Release|x86.ActiveCfg = Release|x86
		{3C78D3A6-13FB-42F8-9992-DA501A53EA23}.Release|x86.Build.0 = Release|x86
		{3C78D3A6-13FB-42F8-9992-DA501A53EA23}.Release|x86.Deploy.0 = Release|x86
		{CB12D1C0-1610-448F-8A3C-2B5B48BE670F}.Debug|ARM.ActiveCfg = Debug|ARM
		{CB12D1C0-1610-448F-8A3C-2B5B48BE670F}.Debug|ARM.Build.0 = Debug|ARM
		{CB12D1C0-1610-448F-8A3C-2B5B48BE670F}.Debug|ARM.Deploy.0 = Debug|ARM
		{CB12D1C0-1610-448F-8A3C-2B5B48BE670F}.Debug|ARM64.ActiveCfg = Debug|ARM64
		{CB12D1C0-1610-448F-8A3C-2B5B48BE670F}.Debug|ARM64.Build.0 = Debug|ARM64
		{CB12D1C0-1610-448F-8A3C-2B5B48BE670F}.Debug|ARM64.Deploy.0 = Debug|ARM64
		{CB12D1C0-1610-448F-8A3C-2B5B48BE670F}.Debug|x64.ActiveCfg = Debug|x64
		{CB12D1C0-1610-448F-8A3C-2B5B48BE670F}.Debug|x64.Build.0 = Debug|x64
		{CB12D1C0-1610-448F-8A3C-2B5B48BE670F}.Debug|x64.Deploy.0 = Debug|x64
		{CB12D1C0-1610-448F-8A3C-2B5B48BE670F}.Debug|x86.ActiveCfg = Debug|x86
		{CB12D1C0-1610-448F-8A3C-2B5B48BE670F}.Debug|x86.Build.0 = Debug|x86
		{CB12D1C0-1610-448F-8A3C-2B5B48BE670F}.Debug|x86.Deploy.0 = Debug|x86
		{CB12D1C0-1610-448F-8A3C-2B5B48BE670F}.Release|ARM.ActiveCfg = Release|ARM
		{CB12D1C0-1610-448F-8A3C-2B5B48BE670F}.Release|ARM.Build.0 = Release|ARM
		{CB12D1C0-1610-448F-8A3C-2B5B48BE670F}.Release|ARM.Deploy.0 = Release|ARM
		{CB12D1C0-1610-448F-8A3C-2B5B48BE670F}.Release|ARM64.ActiveCfg = Release|ARM64
		{CB12D1C0-1610-448F-8A3C-2B5B48BE670F}.Release|ARM64.Build.0 = Release|ARM64
		{CB12D1C0-1610-448F-8A3C-2B5B48BE670F}.Release|ARM64.Deploy.0 = Release|ARM64
		{CB12D1C0-1610-448F-8A3C-2B5B48BE670F}.Release|x64.ActiveCfg = Release|x64
		{CB12D1C0-1610-448F-8A3C-2B5B48BE670F}.Release|x64.Build.0 = Release|x64
		{CB12D1C0-1610-448F-8A3C-2B5B48BE670F}.Release|x64.Deploy.0 = Release|x64
		{CB12D1C0-1610-448F-8A3C-2B5B48BE670F}.Release|x86.ActiveCfg = Release|x86
		{CB12D1C0-1610-448F-8A3C-2B5B48BE670F}.Release|x86.Build.0 = Release|x86
		{CB12D1C0-1610-448F-8A3C-2B5B48BE670F}.Release|x86.Deploy.0 = Release|x86
		{419C806F-2864-4058-AD58-A9EC133740F2}.Debug|ARM.ActiveCfg = Debug|ARM
		{419C806F-2864-4058-AD58-A9EC133740F2}.Debug|ARM.Build.0 = Debug|ARM
		{419C806F-2864-4058-AD58-A9EC133740F2}.Debug|ARM.Deploy.0 = Debug|ARM
		{419C806F-2864-4058-AD58-A9EC133740F2}.Debug|ARM64.ActiveCfg = Debug|ARM64
		{419C806F-2864-4058-AD58-A9EC133740F2}.Debug|ARM64.Build.0 = Debug|ARM64
		{419C806F-2864-4058-AD58-A9EC133740F2}.Debug|ARM64.Deploy.0 = Debug|ARM64
		{419C806F-2864-4058-AD58-A9EC133740F2}.Debug|x64.ActiveCfg = Debug|x64
		{419C806F-2864-4058-AD58-A9EC133740F2}.Debug|x64.Build.0 = Debug|x64
		{419C806F-2864-4058-AD58-A9EC133740F2}.Debug|x64.Deploy.0 = Debug|x64
		{419C806F-2864-4058-AD58-A9EC133740F2}.Debug|x86.ActiveCfg = Debug|x86
		{419C806F-2864-4058-AD58-A9EC133740F2}.Debug|x86.Build.0 = Debug|x86
		{419C806F-2864-4058-AD58-A9EC133740F2}.Debug|x86.Deploy.0 = Debug|x86
		{419C806F-2864-4058-AD58-A9EC133740F2}.Release|ARM.ActiveCfg = Release|ARM
		{419C806F-2864-4058-AD58-A9EC133740F2}.Release|ARM.Build.0 = Release|ARM
		{419C806F-2864-4058-AD58-A9EC133740F2}.Release|ARM.Deploy.0 = Release|ARM
		{419C806F-2864-4058-AD58-A9EC133740F2}.Release|ARM64.ActiveCfg = Release|ARM64
		{419C806F-2864-4058-AD58-A9EC133740F2}.Release|ARM64.Build.0 = Release|ARM64
		{419C806F-2864-4058-AD58-A9EC133740F2}.Release|ARM64.Deploy.0 = Release|ARM64
		{419C806F-2864-4058-AD58-A9EC133740F2}.Release|x64.ActiveCfg = Release|x64
		{419C806F-2864-4058-AD58-A9EC133740F2}.Release|x64.Build.0 = Release|x64
		{419C806F-2864-4058-AD58-A9EC133740F2}.Release|x64.Deploy.0 = Release|x64
		{419C806F-2864-4058-AD58-A9EC133740F2}.Release|x86.ActiveCfg = Release|x86
		{419C806F-2864-4058-AD58-A9EC133740F2}.Release|x86.Build.0 = Release|x86
		{419C806F-2864-4058-AD58-A9EC133740F2}.Release|x86.Deploy.0 = Release|x86
		{F1042A67-6CD9-4704-A9DE-91D9131F8BC2}.Debug|ARM.ActiveCfg = Debug|ARM
		{F1042A67-6CD9-4704-A9DE-91D9131F8BC2}.Debug|ARM.Build.0 = Debug|ARM
		{F1042A67-6CD9-4704-A9DE-91D9131F8BC2}.Debug|ARM.Deploy.0 = Debug|ARM
		{F1042A67-6CD9-4704-A9DE-91D9131F8BC2}.Debug|ARM64.ActiveCfg = Debug|ARM64
		{F1042A67-6CD9-4704-A9DE-91D9131F8BC2}.Debug|ARM64.Build.0 = Debug|ARM64
		{F1042A67-6CD9-4704-A9DE-91D9131F8BC2}.Debug|ARM64.Deploy.0 = Debug|ARM64
		{F1042A67-6CD9-4704-A9DE-91D9131F8BC2}.Debug|x64.ActiveCfg = Debug|x64
		{F1042A67-6CD9-4704-A9DE-91D9131F8BC2}.Debug|x64.Build.0 = Debug|x64
		{F1042A67-6CD9-4704-A9DE-91D9131F8BC2}.Debug|x64.Deploy.0 = Debug|x64
		{F1042A67-6CD9-4704-A9DE-91D9131F8BC2}.Debug|x86.ActiveCfg = Debug|x86
		{F1042A67-6CD9-4704-A9DE-91D9131F8BC2}.Debug|x86.Build.0 = Debug|x86
		{F1042A67-6CD9-4704-A9DE-91D9131F8BC2}.Debug|x86.Deploy.0 = Debug|x86
		{F1042A67-6CD9-4704-A9DE-91D9131F8BC2}.Release|ARM.ActiveCfg = Release|ARM
		{F1042A67-6CD9-4704-A9DE-91D9131F8BC2}.Release|ARM.Build.0 = Release|ARM
		{F1042A67-6CD9-4704-A9DE-91D9131F8BC2}.Release|ARM.Deploy.0 = Release|ARM
		{F1042A67-6CD9-4704-A9DE-91D9131F8BC2}.Release|ARM64.ActiveCfg = Release|ARM64
		{F1042A67-6CD9-4704-A9DE-91D9131F8BC2}.Release|ARM64.Build.0 = Release|ARM64
		{F1042A67-6CD9-4704-A9DE-91D9131F8BC2}.Release|ARM64.Deploy.0 = Release|ARM64
		{F1042A67-6CD9-4704-A9DE-91D9131F8BC2}.Release|x64.ActiveCfg = Release|x64
		{F1042A67-6CD9-4704-A9DE-91D9131F8BC2}.Release|x64.Build.0 = Release|x64
		{F1042A67-6CD9-4704-A9DE-91D9131F8BC2}.Release|x64.Deploy.0 = Release|x64
		{F1042A67-6CD9-4704-A9DE-91D9131F8BC2}.Release|x86.ActiveCfg = Release|x86
		{F1042A67-6CD9-4704-A9DE-91D9131F8BC2}.Release|x86.Build.0 = Release|x86
		{F1042A67-6CD9-4704-A9DE-91D9131F8BC2}.Release|x86.Deploy.0 = Release|x86
		{D94E12C2-7C05-4B2E-A813-8003A0A1BDD9}.Debug|ARM.ActiveCfg = Debug|ARM
		{D94E12C2-7C05-4B2E-A813-8003A0A1BDD9}.Debug|ARM.Build.0 = Debug|ARM
		{D94E12C2-7C05-4B2E-A813-8003A0A1BDD9}.Debug|ARM.Deploy.0 = Debug|ARM
		{D94E12C2-7C05-4B2E-A813-8003A0A1BDD9}.Debug|ARM64.ActiveCfg = Debug|ARM64
		{D94E12C2-7C05-4B2E-A813-8003A0A1BDD9}.Debug|ARM64.Build.0 = Debug|ARM64
		{D94E12C2-7C05-4B2E-A813-8003A0A1BDD9}.Debug|ARM64.Deploy.0 = Debug|ARM64
		{D94E12C2-7C05-4B2E-A813-8003A0A1BDD9}.Debug|x64.ActiveCfg = Debug|x64
		{D94E12C2-7C05-4B2E-A813-8003A0A1BDD9}.Debug|x64.Build.0 = Debug|x64
		{D94E12C2-7C05-4B2E-A813-8003A0A1BDD9}.Debug|x64.Deploy.0 = Debug|x64
		{D94E12C2-7C05-4B2E-A813-8003A0A1BDD9}.Debug|x86.ActiveCfg = Debug|x86
		{D94E12C2-7C05-4B2E-A813-8003A0A1BDD9}.Debug|x86.Build.0 = Debug|x86
		{D94E12C2-7C05-4B2E-A813-8003A0A1BDD9}.Debug|x86.Deploy.0 = Debug|x86
		{D94E12C2-7C05-4B2E-A813-8003A0A1BDD9}.Release|ARM.ActiveCfg = Release|ARM
		{D94E12C2-7C05-4B2E-A813-8003A0A1BDD9}.Release|ARM.Build.0 = Release|ARM
		{D94E12C2-7C05-4B2E-A813-8003A0A1BDD9}.Release|ARM.Deploy.0 = Release|ARM
		{D94E12C2-7C05-4B2E-A813-8003A0A1BDD9}.Release|ARM64.ActiveCfg = Release|ARM64
		{D94E12C2-7C05-4B2E-A813-8003A0A1BDD9}.Release|ARM64.Build.0 = Release|ARM64
		{D94E12C2-7C05-4B2E-A813-8003A0A1BDD9}.Release|ARM64.Deploy.0 = Release|ARM64
		{D94E12C2-7C05-4B2E-A813-8003A0A1BDD9}.Release|x64.ActiveCfg = Release|x64
		{D94E12C2-7C05-4B2E-A813-8003A0A1BDD9}.Release|x64.Build.0 = Release|x64
		{D94E12C2-7C05-4B2E-A813-8003A0A1BDD9}.Release|x64.Deploy.0 = Release|x64
		{D94E12C2-7C05-4B2E-A813-8003A0A1BDD9}.Release|x86.ActiveCfg = Release|x86
		{D94E12C2-7C05-4B2E-A813-8003A0A1BDD9}.Release|x86.Build.0 = Release|x86
		{D94E12C2-7C05-4B2E-A813-8003A0A1BDD9}.Release|x86.Deploy.0 = Release|x86
		{3ADC4F61-A475-44DA-85E5-4BED5208A2CA}.Debug|ARM.ActiveCfg = Debug|ARM
		{3ADC4F61-A475-44DA-85E5-4BED5208A2CA}.Debug|ARM.Build.0 = Debug|ARM
		{3ADC4F61-A475-44DA-85E5-4BED5208A2CA}.Debug|ARM.Deploy.0 = Debug|ARM
		{3ADC4F61-A475-44DA-85E5-4BED5208A2CA}.Debug|ARM64.ActiveCfg = Debug|ARM64
		{3ADC4F61-A475-44DA-85E5-4BED5208A2CA}.Debug|ARM64.Build.0 = Debug|ARM64
		{3ADC4F61-A475-44DA-85E5-4BED5208A2CA}.Debug|ARM64.Deploy.0 = Debug|ARM64
		{3ADC4F61-A475-44DA-85E5-4BED5208A2CA}.Debug|x64.ActiveCfg = Debug|x64
		{3ADC4F61-A475-44DA-85E5-4BED5208A2CA}.Debug|x64.Build.0 = Debug|x64
		{3ADC4F61-A475-44DA-85E5-4BED5208A2CA}.Debug|x64.Deploy.0 = Debug|x64
		{3ADC4F61-A475-44DA-85E5-4BED5208A2CA}.Debug|x86.ActiveCfg = Debug|x86
		{3ADC4F61-A475-44DA-85E5-4BED5208A2CA}.Debug|x86.Build.0 = Debug|x86
		{3ADC4F61-A475-44DA-85E5-4BED5208A2CA}.Debug|x86.Deploy.0 = Debug|x86
		{3ADC4F61-A475-44DA-85E5-4BED5208A2CA}.Release|ARM.ActiveCfg = Release|ARM
		{3ADC4F61-A475-44DA-85E5-4BED5208A2CA}.Release|ARM.Build.0 = Release|ARM
		{3ADC4F61-A475-44DA-85E5-4BED5208A2CA}.Release|ARM.Deploy.0 = Release|ARM
		{3ADC4F61-A475-44DA-85E5-4BED5208A2CA}.Release|ARM64.ActiveCfg = Release|ARM64
		{3ADC4F61-A475-44DA-85E5-4BED5208A2CA}.Release|ARM64.Build.0 = Release|ARM64
		{3ADC4F61-A475-44DA-85E5-4BED5208A2CA}.Release|ARM64.Deploy.0 = Release|ARM64
		{3ADC4F61-A475-44DA-85E5-4BED5208A2CA}.Release|x64.ActiveCfg = Release|x64
		{3ADC4F61-A475-44DA-85E5-4BED5208A2CA}.Release|x64.Build.0 = Release|x64
		{3ADC4F61-A475-44DA-85E5-4BED5208A2CA}.Release|x64.Deploy.0 = Release|x64
		{3ADC4F61-A475-44DA-85E5-4BED5208A2CA}.Release|x86.ActiveCfg = Release|x86
		{3ADC4F61-A475-44DA-85E5-4BED5208A2CA}.Release|x86.Build.0 = Release|x86
		{3ADC4F61-A475-44DA-85E5-4BED5208A2CA}.Release|x86.Deploy.0 = Release|x86
		{4286561A-7E62-4AF4-8A6B-2D0849505170}.Debug|ARM.ActiveCfg = Debug|ARM
		{4286561A-7E62-4AF4-8A6B-2D0849505170}.Debug|ARM.Build.0 = Debug|ARM
		{4286561A-7E62-4AF4-8A6B-2D0849505170}.Debug|ARM.Deploy.0 = Debug|ARM
		{4286561A-7E62-4AF4-8A6B-2D0849505170}.Debug|ARM64.ActiveCfg = Debug|ARM64
		{4286561A-7E62-4AF4-8A6B-2D0849505170}.Debug|ARM64.Build.0 = Debug|ARM64
		{4286561A-7E62-4AF4-8A6B-2D0849505170}.Debug|ARM64.Deploy.0 = Debug|ARM64
		{4286561A-7E62-4AF4-8A6B-2D0849505170}.Debug|x64.ActiveCfg = Debug|x64
		{4286561A-7E62-4AF4-8A6B-2D0849505170}.Debug|x64.Build.0 = Debug|x64
		{4286561A-7E62-4AF4-8A6B-2D0849505170}.Debug|x64.Deploy.0 = Debug|x64
		{4286561A-7E62-4AF4-8A6B-2D0849505170}.Debug|x86.ActiveCfg = Debug|x86
		{4286561A-7E62-4AF4-8A6B-2D0849505170}.Debug|x86.Build.0 = Debug|x86
		{4286561A-7E62-4AF4-8A6B-2D0849505170}.Debug|x86.Deploy.0 = Debug|x86
		{4286561A-7E62-4AF4-8A6B-2D0849505170}.Release|ARM.ActiveCfg = Release|ARM
		{4286561A-7E62-4AF4-8A6B-2D0849505170}.Release|ARM.Build.0 = Release|ARM
		{4286561A-7E62-4AF4-8A6B-2D0849505170}.Release|ARM.Deploy.0 = Release|ARM
		{4286561A-7E62-4AF4-8A6B-2D0849505170}.Release|ARM64.ActiveCfg = Release|ARM64
		{4286561A-7E62-4AF4-8A6B-2D0849505170}.Release|ARM64.Build.0 = Release|ARM64
		{4286561A-7E62-4AF4-8A6B-2D0849505170}.Release|ARM64.Deploy.0 = Release|ARM64
		{4286561A-7E62-4AF4-8A6B-2D0849505170}.Release|x64.ActiveCfg = Release|x64
		{4286561A-7E62-4AF4-8A6B-2D0849505170}.Release|x64.Build.0 = Release|x64
		{4286561A-7E62-4AF4-8A6B-2D0849505170}.Release|x64.Deploy.0 = Release|x64
		{4286561A-7E62-4AF4-8A6B-2D0849505170}.Release|x86.ActiveCfg = Release|x86
		{4286561A-7E62-4AF4-8A6B-2D0849505170}.Release|x86.Build.0 = Release|x86
		{4286561A-7E62-4AF4-8A6B-2D0849505170}.Release|x86.Deploy.0 = Release|x86
		{D7BACBC9-93FF-4277-B3A3-5D9A4DAE78AB}.Debug|ARM.ActiveCfg = Debug|ARM
		{D7BACBC9-93FF-4277-B3A3-5D9A4DAE78AB}.Debug|ARM.Build.0 = Debug|ARM
		{D7BACBC9-93FF-4277-B3A3-5D9A4DAE78AB}.Debug|ARM.Deploy.0 = Debug|ARM
		{D7BACBC9-93FF-4277-B3A3-5D9A4DAE78AB}.Debug|ARM64.ActiveCfg = Debug|ARM64
		{D7BACBC9-93FF-4277-B3A3-5D9A4DAE78AB}.Debug|ARM64.Build.0 = Debug|ARM64
		{D7BACBC9-93FF-4277-B3A3-5D9A4DAE78AB}.Debug|ARM64.Deploy.0 = Debug|ARM64
		{D7BACBC9-93FF-4277-B3A3-5D9A4DAE78AB}.Debug|x64.ActiveCfg = Debug|x64
		{D7BACBC9-93FF-4277-B3A3-5D9A4DAE78AB}.Debug|x64.Build.0 = Debug|x64
		{D7BACBC9-93FF-4277-B3A3-5D9A4DAE78AB}.Debug|x64.Deploy.0 = Debug|x64
		{D7BACBC9-93FF-4277-B3A3-5D9A4DAE78AB}.Debug|x86.ActiveCfg = Debug|x86
		{D7BACBC9-93FF-4277-B3A3-5D9A4DAE78AB}.Debug|x86.Build.0 = Debug|x86
		{D7BACBC9-93FF-4277-B3A3-5D9A4DAE78AB}.Debug|x86.Deploy.0 = Debug|x86
		{D7BACBC9-93FF-4277-B3A3-5D9A4DAE78AB}.Release|ARM.ActiveCfg = Release|ARM
		{D7BACBC9-93FF-4277-B3A3-5D9A4DAE78AB}.Release|ARM.Build.0 = Release|ARM
		{D7BACBC9-93FF-4277-B3A3-5D9A4DAE78AB}.Release|ARM.Deploy.0 = Release|ARM
		{D7BACBC9-93FF-4277-B3A3-5D9A4DAE78AB}.Release|ARM64.ActiveCfg = Release|ARM64
		{D7BACBC9-93FF-4277-B3A3-5D9A4DAE78AB}.Release|ARM64.Build.0 = Release|ARM64
		{D7BACBC9-93FF-4277-B3A3-5D9A4DAE78AB}.Release|ARM64.Deploy.0 = Release|ARM64
		{D7BACBC9-93FF-4277-B3A3-5D9A4DAE78AB}.Release|x64.ActiveCfg = Release|x64
		{D7BACBC9-93FF-4277-B3A3-5D9A4DAE78AB}.Release|x64.Build.0 = Release|x64
		{D7BACBC9-93FF-4277-B3A3-5D9A4DAE78AB}.Release|x64.Deploy.0 = Release|x64
		{D7BACBC9-93FF-4277-B3A3-5D9A4DAE78AB}.Release|x86.ActiveCfg = Release|x86
		{D7BACBC9-93FF-4277-B3A3-5D9A4DAE78AB}.Release|x86.Build.0 = Release|x86
		{D7BACBC9-93FF-4277-B3A3-5D9A4DAE78AB}.Release|x86.Deploy.0 = Release|x86
		{76ED338C-4A3D-4A81-8D96-E99B54852126}.Debug|ARM.ActiveCfg = Debug|ARM
		{76ED338C-4A3D-4A81-8D96-E99B54852126}.Debug|ARM.Build.0 = Debug|ARM
		{76ED338C-4A3D-4A81-8D96-E99B54852126}.Debug|ARM.Deploy.0 = Debug|ARM
		{76ED338C-4A3D-4A81-8D96-E99B54852126}.Debug|ARM64.ActiveCfg = Debug|ARM64
		{76ED338C-4A3D-4A81-8D96-E99B54852126}.Debug|ARM64.Build.0 = Debug|ARM64
		{76ED338C-4A3D-4A81-8D96-E99B54852126}.Debug|ARM64.Deploy.0 = Debug|ARM64
		{76ED338C-4A3D-4A81-8D96-E99B54852126}.Debug|x64.ActiveCfg = Debug|x64
		{76ED338C-4A3D-4A81-8D96-E99B54852126}.Debug|x64.Build.0 = Debug|x64
		{76ED338C-4A3D-4A81-8D96-E99B54852126}.Debug|x64.Deploy.0 = Debug|x64
		{76ED338C-4A3D-4A81-8D96-E99B54852126}.Debug|x86.ActiveCfg = Debug|x86
		{76ED338C-4A3D-4A81-8D96-E99B54852126}.Debug|x86.Build.0 = Debug|x86
		{76ED338C-4A3D-4A81-8D96-E99B54852126}.Debug|x86.Deploy.0 = Debug|x86
		{76ED338C-4A3D-4A81-8D96-E99B54852126}.Release|ARM.ActiveCfg = Release|ARM
		{76ED338C-4A3D-4A81-8D96-E99B54852126}.Release|ARM.Build.0 = Release|ARM
		{76ED338C-4A3D-4A81-8D96-E99B54852126}.Release|ARM.Deploy.0 = Release|ARM
		{76ED338C-4A3D-4A81-8D96-E99B54852126}.Release|ARM64.ActiveCfg = Release|ARM64
		{76ED338C-4A3D-4A81-8D96-E99B54852126}.Release|ARM64.Build.0 = Release|ARM64
		{76ED338C-4A3D-4A81-8D96-E99B54852126}.Release|ARM64.Deploy.0 = Release|ARM64
		{76ED338C-4A3D-4A81-8D96-E99B54852126}.Release|x64.ActiveCfg = Release|x64
		{76ED338C-4A3D-4A81-8D96-E99B54852126}.Release|x64.Build.0 = Release|x64
		{76ED338C-4A3D-4A81-8D96-E99B54852126}.Release|x64.Deploy.0 = Release|x64
		{76ED338C-4A3D-4A81-8D96-E99B54852126}.Release|x86.ActiveCfg = Release|x86
		{76ED338C-4A3D-4A81-8D96-E99B54852126}.Release|x86.Build.0 = Release|x86
		{76ED338C-4A3D-4A81-8D96-E99B54852126}.Release|x86.Deploy.0 = Release|x86
		{88995BED-9EE2-42BA-94C4-E18CBE38EC64}.Debug|ARM.ActiveCfg = Debug|ARM
		{88995BED-9EE2-42BA-94C4-E18CBE38EC64}.Debug|ARM.Build.0 = Debug|ARM
		{88995BED-9EE2-42BA-94C4-E18CBE38EC64}.Debug|ARM.Deploy.0 = Debug|ARM
		{88995BED-9EE2-42BA-94C4-E18CBE38EC64}.Debug|ARM64.ActiveCfg = Debug|ARM64
		{88995BED-9EE2-42BA-94C4-E18CBE38EC64}.Debug|ARM64.Build.0 = Debug|ARM64
		{88995BED-9EE2-42BA-94C4-E18CBE38EC64}.Debug|ARM64.Deploy.0 = Debug|ARM64
		{88995BED-9EE2-42BA-94C4-E18CBE38EC64}.Debug|x64.ActiveCfg = Debug|x64
		{88995BED-9EE2-42BA-94C4-E18CBE38EC64}.Debug|x64.Build.0 = Debug|x64
		{88995BED-9EE2-42BA-94C4-E18CBE38EC64}.Debug|x64.Deploy.0 = Debug|x64
		{88995BED-9EE2-42BA-94C4-E18CBE38EC64}.Debug|x86.ActiveCfg = Debug|x86
		{88995BED-9EE2-42BA-94C4-E18CBE38EC64}.Debug|x86.Build.0 = Debug|x86
		{88995BED-9EE2-42BA-94C4-E18CBE38EC64}.Debug|x86.Deploy.0 = Debug|x86
		{88995BED-9EE2-42BA-94C4-E18CBE38EC64}.Release|ARM.ActiveCfg = Release|ARM
		{88995BED-9EE2-42BA-94C4-E18CBE38EC64}.Release|ARM.Build.0 = Release|ARM
		{88995BED-9EE2-42BA-94C4-E18CBE38EC64}.Release|ARM.Deploy.0 = Release|ARM
		{88995BED-9EE2-42BA-94C4-E18CBE38EC64}.Release|ARM64.ActiveCfg = Release|ARM64
		{88995BED-9EE2-42BA-94C4-E18CBE38EC64}.Release|ARM64.Build.0 = Release|ARM64
		{88995BED-9EE2-42BA-94C4-E18CBE38EC64}.Release|ARM64.Deploy.0 = Release|ARM64
		{88995BED-9EE2-42BA-94C4-E18CBE38EC64}.Release|x64.ActiveCfg = Release|x64
		{88995BED-9EE2-42BA-94C4-E18CBE38EC64}.Release|x64.Build.0 = Release|x64
		{88995BED-9EE2-42BA-94C4-E18CBE38EC64}.Release|x64.Deploy.0 = Release|x64
		{88995BED-9EE2-42BA-94C4-E18CBE38EC64}.Release|x86.ActiveCfg = Release|x86
		{88995BED-9EE2-42BA-94C4-E18CBE38EC64}.Release|x86.Build.0 = Release|x86
		{88995BED-9EE2-42BA-94C4-E18CBE38EC64}.Release|x86.Deploy.0 = Release|x86
		{55E7EE31-6BCA-42A0-A635-43D2CACED1DF}.Debug|ARM.ActiveCfg = Debug|ARM
		{55E7EE31-6BCA-42A0-A635-43D2CACED1DF}.Debug|ARM.Build.0 = Debug|ARM
		{55E7EE31-6BCA-42A0-A635-43D2CACED1DF}.Debug|ARM.Deploy.0 = Debug|ARM
		{55E7EE31-6BCA-42A0-A635-43D2CACED1DF}.Debug|ARM64.ActiveCfg = Debug|ARM64
		{55E7EE31-6BCA-42A0-A635-43D2CACED1DF}.Debug|ARM64.Build.0 = Debug|ARM64
		{55E7EE31-6BCA-42A0-A635-43D2CACED1DF}.Debug|ARM64.Deploy.0 = Debug|ARM64
		{55E7EE31-6BCA-42A0-A635-43D2CACED1DF}.Debug|x64.ActiveCfg = Debug|x64
		{55E7EE31-6BCA-42A0-A635-43D2CACED1DF}.Debug|x64.Build.0 = Debug|x64
		{55E7EE31-6BCA-42A0-A635-43D2CACED1DF}.Debug|x64.Deploy.0 = Debug|x64
		{55E7EE31-6BCA-42A0-A635-43D2CACED1DF}.Debug|x86.ActiveCfg = Debug|x86
		{55E7EE31-6BCA-42A0-A635-43D2CACED1DF}.Debug|x86.Build.0 = Debug|x86
		{55E7EE31-6BCA-42A0-A635-43D2CACED1DF}.Debug|x86.Deploy.0 = Debug|x86
		{55E7EE31-6BCA-42A0-A635-43D2CACED1DF}.Release|ARM.ActiveCfg = Release|ARM
		{55E7EE31-6BCA-42A0-A635-43D2CACED1DF}.Release|ARM.Build.0 = Release|ARM
		{55E7EE31-6BCA-42A0-A635-43D2CACED1DF}.Release|ARM.Deploy.0 = Release|ARM
		{55E7EE31-6BCA-42A0-A635-43D2CACED1DF}.Release|ARM64.ActiveCfg = Release|ARM64
		{55E7EE31-6BCA-42A0-A635-43D2CACED1DF}.Release|ARM64.Build.0 = Release|ARM64
		{55E7EE31-6BCA-42A0-A635-43D2CACED1DF}.Release|ARM64.Deploy.0 = Release|ARM64
		{55E7EE31-6BCA-42A0-A635-43D2CACED1DF}.Release|x64.ActiveCfg = Release|x64
		{55E7EE31-6BCA-42A0-A635-43D2CACED1DF}.Release|x64.Build.0 = Release|x64
		{55E7EE31-6BCA-42A0-A635-43D2CACED1DF}.Release|x64.Deploy.0 = Release|x64
		{55E7EE31-6BCA-42A0-A635-43D2CACED1DF}.Release|x86.ActiveCfg = Release|x86
		{55E7EE31-6BCA-42A0-A635-43D2CACED1DF}.Release|x86.Build.0 = Release|x86
		{55E7EE31-6BCA-42A0-A635-43D2CACED1DF}.Release|x86.Deploy.0 = Release|x86
		{DCB9DF35-0249-4B44-8348-CAE780B5ECF2}.Debug|ARM.ActiveCfg = Debug|ARM
		{DCB9DF35-0249-4B44-8348-CAE780B5ECF2}.Debug|ARM.Build.0 = Debug|ARM
		{DCB9DF35-0249-4B44-8348-CAE780B5ECF2}.Debug|ARM.Deploy.0 = Debug|ARM
		{DCB9DF35-0249-4B44-8348-CAE780B5ECF2}.Debug|ARM64.ActiveCfg = Debug|ARM64
		{DCB9DF35-0249-4B44-8348-CAE780B5ECF2}.Debug|ARM64.Build.0 = Debug|ARM64
		{DCB9DF35-0249-4B44-8348-CAE780B5ECF2}.Debug|ARM64.Deploy.0 = Debug|ARM64
		{DCB9DF35-0249-4B44-8348-CAE780B5ECF2}.Debug|x64.ActiveCfg = Debug|x64
		{DCB9DF35-0249-4B44-8348-CAE780B5ECF2}.Debug|x64.Build.0 = Debug|x64
		{DCB9DF35-0249-4B44-8348-CAE780B5ECF2}.Debug|x64.Deploy.0 = Debug|x64
		{DCB9DF35-0249-4B44-8348-CAE780B5ECF2}.Debug|x86.ActiveCfg = Debug|x86
		{DCB9DF35-0249-4B44-8348-CAE780B5ECF2}.Debug|x86.Build.0 = Debug|x86
		{DCB9DF35-0249-4B44-8348-CAE780B5ECF2}.Debug|x86.Deploy.0 = Debug|x86
		{DCB9DF35-0249-4B44-8348-CAE780B5ECF2}.Release|ARM.ActiveCfg = Release|ARM
		{DCB9DF35-0249-4B44-8348-CAE780B5ECF2}.Release|ARM.Build.0 = Release|ARM
		{DCB9DF35-0249-4B44-8348-CAE780B5ECF2}.Release|ARM.Deploy.0 = Release|ARM
		{DCB9DF35-0249-4B44-8348-CAE780B5ECF2}.Release|ARM64.ActiveCfg = Release|ARM64
		{DCB9DF35-0249-4B44-8348-CAE780B5ECF2}.Release|ARM64.Build.0 = Release|ARM64
		{DCB9DF35-0249-4B44-8348-CAE780B5ECF2}.Release|ARM64.Deploy.0 = Release|ARM64
		{DCB9DF35-0249-4B44-8348-CAE780B5ECF2}.Release|x64.ActiveCfg = Release|x64
		{DCB9DF35-0249-4B44-8348-CAE780B5ECF2}.Release|x64.Build.0 = Release|x64
		{DCB9DF35-0249-4B44-8348-CAE780B5ECF2}.Release|x64.Deploy.0 = Release|x64
		{DCB9DF35-0249-4B44-8348-CAE780B5ECF2}.Release|x86.ActiveCfg = Release|x86
		{DCB9DF35-0249-4B44-8348-CAE780B5ECF2}.Release|x86.Build.0 = Release|x86
		{DCB9DF35-0249-4B44-8348-CAE780B5ECF2}.Release|x86.Deploy.0 = Release|x86
		{E567297E-50CD-434B-B358-C44FAE99C2A0}.Debug|ARM.ActiveCfg = Debug|ARM
		{E567297E-50CD-434B-B358-C44FAE99C2A0}.Debug|ARM.Build.0 = Debug|ARM
		{E567297E-50CD-434B-B358-C44FAE99C2A0}.Debug|ARM.Deploy.0 = Debug|ARM
		{E567297E-50CD-434B-B358-C44FAE99C2A0}.Debug|ARM64.ActiveCfg = Debug|ARM64
		{E567297E-50CD-434B-B358-C44FAE99C2A0}.Debug|ARM64.Build.0 = Debug|ARM64
		{E567297E-50CD-434B-B358-C44FAE99C2A0}.Debug|ARM64.Deploy.0 = Debug|ARM64
		{E567297E-50CD-434B-B358-C44FAE99C2A0}.Debug|x64.ActiveCfg = Debug|x64
		{E567297E-50CD-434B-B358-C44FAE99C2A0}.Debug|x64.Build.0 = Debug|x64
		{E567297E-50CD-434B-B358-C44FAE99C2A0}.Debug|x64.Deploy.0 = Debug|x64
		{E567297E-50CD-434B-B358-C44FAE99C2A0}.Debug|x86.ActiveCfg = Debug|x86
		{E567297E-50CD-434B-B358-C44FAE99C2A0}.Debug|x86.Build.0 = Debug|x86
		{E567297E-50CD-434B-B358-C44FAE99C2A0}.Debug|x86.Deploy.0 = Debug|x86
		{E567297E-50CD-434B-B358-C44FAE99C2A0}.Release|ARM.ActiveCfg = Release|ARM
		{E567297E-50CD-434B-B358-C44FAE99C2A0}.Release|ARM.Build.0 = Release|ARM
		{E567297E-50CD-434B-B358-C44FAE99C2A0}.Release|ARM.Deploy.0 = Release|ARM
		{E567297E-50CD-434B-B358-C44FAE99C2A0}.Release|ARM64.ActiveCfg = Release|ARM64
		{E567297E-50CD-434B-B358-C44FAE99C2A0}.Release|ARM64.Build.0 = Release|ARM64
		{E567297E-50CD-434B-B358-C44FAE99C2A0}.Release|ARM64.Deploy.0 = Release|ARM64
		{E567297E-50CD-434B-B358-C44FAE99C2A0}.Release|x64.ActiveCfg = Release|x64
		{E567297E-50CD-434B-B358-C44FAE99C2A0}.Release|x64.Build.0 = Release|x64
		{E567297E-50CD-434B-B358-C44FAE99C2A0}.Release|x64.Deploy.0 = Release|x64
		{E567297E-50CD-434B-B358-C44FAE99C2A0}.Release|x86.ActiveCfg = Release|x86
		{E567297E-50CD-434B-B358-C44FAE99C2A0}.Release|x86.Build.0 = Release|x86
		{E567297E-50CD-434B-B358-C44FAE99C2A0}.Release|x86.Deploy.0 = Release|x86
		{067CFD9C-630E-4C2B-9D66-6102E837D511}.Debug|ARM.ActiveCfg = Debug|ARM
		{067CFD9C-630E-4C2B-9D66-6102E837D511}.Debug|ARM.Build.0 = Debug|ARM
		{067CFD9C-630E-4C2B-9D66-6102E837D511}.Debug|ARM.Deploy.0 = Debug|ARM
		{067CFD9C-630E-4C2B-9D66-6102E837D511}.Debug|ARM64.ActiveCfg = Debug|ARM64
		{067CFD9C-630E-4C2B-9D66-6102E837D511}.Debug|ARM64.Build.0 = Debug|ARM64
		{067CFD9C-630E-4C2B-9D66-6102E837D511}.Debug|ARM64.Deploy.0 = Debug|ARM64
		{067CFD9C-630E-4C2B-9D66-6102E837D511}.Debug|x64.ActiveCfg = Debug|x64
		{067CFD9C-630E-4C2B-9D66-6102E837D511}.Debug|x64.Build.0 = Debug|x64
		{067CFD9C-630E-4C2B-9D66-6102E837D511}.Debug|x64.Deploy.0 = Debug|x64
		{067CFD9C-630E-4C2B-9D66-6102E837D511}.Debug|x86.ActiveCfg = Debug|x86
		{067CFD9C-630E-4C2B-9D66-6102E837D511}.Debug|x86.Build.0 = Debug|x86
		{067CFD9C-630E-4C2B-9D66-6102E837D511}.Debug|x86.Deploy.0 = Debug|x86
		{067CFD9C-630E-4C2B-9D66-6102E837D511}.Release|ARM.ActiveCfg = Release|ARM
		{067CFD9C-630E-4C2B-9D66-6102E837D511}.Release|ARM.Build.0 = Release|ARM
		{067CFD9C-630E-4C2B-9D66-6102E837D511}.Release|ARM.Deploy.0 = Release|ARM
		{067CFD9C-630E-4C2B-9D66-6102E837D511}.Release|ARM64.ActiveCfg = Release|ARM64
		{067CFD9C-630E-4C2B-9D66-6102E837D511}.Release|ARM64.Build.0 = Release|ARM64
		{067CFD9C-630E-4C2B-9D66-6102E837D511}.Release|ARM64.Deploy.0 = Release|ARM64
		{067CFD9C-630E-4C2B-9D66-6102E837D511}.Release|x64.ActiveCfg = Release|x64
		{067CFD9C-630E-4C2B-9D66-6102E837D511}.Release|x64.Build.0 = Release|x64
		{067CFD9C-630E-4C2B-9D66-6102E837D511}.Release|x64.Deploy.0 = Release|x64
		{067CFD9C-630E-4C2B-9D66-6102E837D511}.Release|x86.ActiveCfg = Release|x86
		{067CFD9C-630E-4C2B-9D66-6102E837D511}.Release|x86.Build.0 = Release|x86
		{067CFD9C-630E-4C2B-9D66-6102E837D511}.Release|x86.Deploy.0 = Release|x86
		{E0804971-4EFF-4ED3-A1BB-E2084BD6F050}.Debug|ARM.ActiveCfg = Debug|ARM
		{E0804971-4EFF-4ED3-A1BB-E2084BD6F050}.Debug|ARM.Build.0 = Debug|ARM
		{E0804971-4EFF-4ED3-A1BB-E2084BD6F050}.Debug|ARM.Deploy.0 = Debug|ARM
		{E0804971-4EFF-4ED3-A1BB-E2084BD6F050}.Debug|ARM64.ActiveCfg = Debug|ARM64
		{E0804971-4EFF-4ED3-A1BB-E2084BD6F050}.Debug|ARM64.Build.0 = Debug|ARM64
		{E0804971-4EFF-4ED3-A1BB-E2084BD6F050}.Debug|ARM64.Deploy.0 = Debug|ARM64
		{E0804971-4EFF-4ED3-A1BB-E2084BD6F050}.Debug|x64.ActiveCfg = Debug|x64
		{E0804971-4EFF-4ED3-A1BB-E2084BD6F050}.Debug|x64.Build.0 = Debug|x64
		{E0804971-4EFF-4ED3-A1BB-E2084BD6F050}.Debug|x64.Deploy.0 = Debug|x64
		{E0804971-4EFF-4ED3-A1BB-E2084BD6F050}.Debug|x86.ActiveCfg = Debug|x86
		{E0804971-4EFF-4ED3-A1BB-E2084BD6F050}.Debug|x86.Build.0 = Debug|x86
		{E0804971-4EFF-4ED3-A1BB-E2084BD6F050}.Debug|x86.Deploy.0 = Debug|x86
		{E0804971-4EFF-4ED3-A1BB-E2084BD6F050}.Release|ARM.ActiveCfg = Release|ARM
		{E0804971-4EFF-4ED3-A1BB-E2084BD6F050}.Release|ARM.Build.0 = Release|ARM
		{E0804971-4EFF-4ED3-A1BB-E2084BD6F050}.Release|ARM.Deploy.0 = Release|ARM
		{E0804971-4EFF-4ED3-A1BB-E2084BD6F050}.Release|ARM64.ActiveCfg = Release|ARM64
		{E0804971-4EFF-4ED3-A1BB-E2084BD6F050}.Release|ARM64.Build.0 = Release|ARM64
		{E0804971-4EFF-4ED3-A1BB-E2084BD6F050}.Release|ARM64.Deploy.0 = Release|ARM64
		{E0804971-4EFF-4ED3-A1BB-E2084BD6F050}.Release|x64.ActiveCfg = Release|x64
		{E0804971-4EFF-4ED3-A1BB-E2084BD6F050}.Release|x64.Build.0 = Release|x64
		{E0804971-4EFF-4ED3-A1BB-E2084BD6F050}.Release|x64.Deploy.0 = Release|x64
		{E0804971-4EFF-4ED3-A1BB-E2084BD6F050}.Release|x86.ActiveCfg = Release|x86
		{E0804971-4EFF-4ED3-A1BB-E2084BD6F050}.Release|x86.Build.0 = Release|x86
		{E0804971-4EFF-4ED3-A1BB-E2084BD6F050}.Release|x86.Deploy.0 = Release|x86
	EndGlobalSection
	GlobalSection(SolutionProperties) = preSolution
		HideSolutionNode = FALSE
	EndGlobalSection
	GlobalSection(ExtensibilityGlobals) = postSolution
		SolutionGuid = {E4B94CC3-D5F0-42B4-8EB9-7F3EA631A956}
	EndGlobalSection
EndGlobal
